
Microsoft Visual Studio Solution File, Format Version 12.00
# Visual Studio 15
VisualStudioVersion = 15.0.28307.572
MinimumVisualStudioVersion = 10.0.40219.1
Project("{FAE04EC0-301F-11D3-BF4B-00C04F79EFBC}") = "targil2", "targil2\targil2.csproj", "{1EC5AB3A-9B06-42FB-B458-3D89DFFA5DA3}"
EndProject
Global
	GlobalSection(SolutionConfigurationPlatforms) = preSolution
		Debug|Any CPU = Debug|Any CPU
		Release|Any CPU = Release|Any CPU
	EndGlobalSection
	GlobalSection(ProjectConfigurationPlatforms) = postSolution
		{1EC5AB3A-9B06-42FB-B458-3D89DFFA5DA3}.Debug|Any CPU.ActiveCfg = Debug|Any CPU
		{1EC5AB3A-9B06-42FB-B458-3D89DFFA5DA3}.Debug|Any CPU.Build.0 = Debug|Any CPU
		{1EC5AB3A-9B06-42FB-B458-3D89DFFA5DA3}.Release|Any CPU.ActiveCfg = Release|Any CPU
		{1EC5AB3A-9B06-42FB-B458-3D89DFFA5DA3}.Release|Any CPU.Build.0 = Release|Any CPU
	EndGlobalSection
	GlobalSection(SolutionProperties) = preSolution
		HideSolutionNode = FALSE
	EndGlobalSection
	GlobalSection(ExtensibilityGlobals) = postSolution
		SolutionGuid = {30938A0A-F604-4B56-A8E9-7086255F78EA}
	EndGlobalSection
EndGlobal
